
Microsoft Visual Studio Solution File, Format Version 12.00
# Visual Studio Version 16
VisualStudioVersion = 16.0.30011.22
MinimumVisualStudioVersion = 10.0.40219.1
Project("{FAE04EC0-301F-11D3-BF4B-00C04F79EFBC}") = "Hagasha.20.5.Part1.Q4", "Hagasha.20.5.Part1.Q4\Hagasha.20.5.Part1.Q4.csproj", "{97132938-6285-43BF-8DFC-3A991FA50B3C}"
EndProject
Global
	GlobalSection(SolutionConfigurationPlatforms) = preSolution
		Debug|Any CPU = Debug|Any CPU
		Release|Any CPU = Release|Any CPU
	EndGlobalSection
	GlobalSection(ProjectConfigurationPlatforms) = postSolution
		{97132938-6285-43BF-8DFC-3A991FA50B3C}.Debug|Any CPU.ActiveCfg = Debug|Any CPU
		{97132938-6285-43BF-8DFC-3A991FA50B3C}.Debug|Any CPU.Build.0 = Debug|Any CPU
		{97132938-6285-43BF-8DFC-3A991FA50B3C}.Release|Any CPU.ActiveCfg = Release|Any CPU
		{97132938-6285-43BF-8DFC-3A991FA50B3C}.Release|Any CPU.Build.0 = Release|Any CPU
	EndGlobalSection
	GlobalSection(SolutionProperties) = preSolution
		HideSolutionNode = FALSE
	EndGlobalSection
	GlobalSection(ExtensibilityGlobals) = postSolution
		SolutionGuid = {AC3B29AD-CB18-4B69-8B84-56795F1EC839}
	EndGlobalSection
EndGlobal
